
Microsoft Visual Studio Solution File, Format Version 12.00
# Visual Studio Version 17
VisualStudioVersion = 17.14.36408.4 d17.14
MinimumVisualStudioVersion = 10.0.40219.1
Project("{FAE04EC0-301F-11D3-BF4B-00C04F79EFBC}") = "EjerciciosSemana1", "EjerciciosSemana1\EjerciciosSemana1.csproj", "{61E67AEE-580E-47F0-BAF2-9F3F04698612}"
EndProject
Global
	GlobalSection(SolutionConfigurationPlatforms) = preSolution
		Debug|Any CPU = Debug|Any CPU
		Release|Any CPU = Release|Any CPU
	EndGlobalSection
	GlobalSection(ProjectConfigurationPlatforms) = postSolution
		{61E67AEE-580E-47F0-BAF2-9F3F04698612}.Debug|Any CPU.ActiveCfg = Debug|Any CPU
		{61E67AEE-580E-47F0-BAF2-9F3F04698612}.Debug|Any CPU.Build.0 = Debug|Any CPU
		{61E67AEE-580E-47F0-BAF2-9F3F04698612}.Release|Any CPU.ActiveCfg = Release|Any CPU
		{61E67AEE-580E-47F0-BAF2-9F3F04698612}.Release|Any CPU.Build.0 = Release|Any CPU
	EndGlobalSection
	GlobalSection(SolutionProperties) = preSolution
		HideSolutionNode = FALSE
	EndGlobalSection
	GlobalSection(ExtensibilityGlobals) = postSolution
		SolutionGuid = {C2DC8FF3-7451-41E9-B8F3-624ABBDCF520}
	EndGlobalSection
EndGlobal
